// !$*UTF8*$!
{
	archiveVersion = 1;
	classes = {
	};
	objectVersion = 46;
	objects = {

/* Begin PBXBuildFile section */
		0477E96C198CBA6F0048D9E8 /* Foundation.framework in Frameworks */ = {isa = PBXBuildFile; fileRef = 0477E96B198CBA6F0048D9E8 /* Foundation.framework */; };
		0477E96E198CBA6F0048D9E8 /* CoreGraphics.framework in Frameworks */ = {isa = PBXBuildFile; fileRef = 0477E96D198CBA6F0048D9E8 /* CoreGraphics.framework */; };
		0477E970198CBA6F0048D9E8 /* UIKit.framework in Frameworks */ = {isa = PBXBuildFile; fileRef = 0477E96F198CBA6F0048D9E8 /* UIKit.framework */; };
		0477E976198CBA6F0048D9E8 /* InfoPlist.strings in Resources */ = {isa = PBXBuildFile; fileRef = 0477E974198CBA6F0048D9E8 /* InfoPlist.strings */; };
		0477E978198CBA6F0048D9E8 /* main.m in Sources */ = {isa = PBXBuildFile; fileRef = 0477E977198CBA6F0048D9E8 /* main.m */; };
		0477E97C198CBA6F0048D9E8 /* BBAppDelegate.m in Sources */ = {isa = PBXBuildFile; fileRef = 0477E97B198CBA6F0048D9E8 /* BBAppDelegate.m */; };
		0477E97F198CBA6F0048D9E8 /* Main.storyboard in Resources */ = {isa = PBXBuildFile; fileRef = 0477E97D198CBA6F0048D9E8 /* Main.storyboard */; };
		0477E982198CBA6F0048D9E8 /* BBViewController.m in Sources */ = {isa = PBXBuildFile; fileRef = 0477E981198CBA6F0048D9E8 /* BBViewController.m */; };
		0477E984198CBA6F0048D9E8 /* Images.xcassets in Resources */ = {isa = PBXBuildFile; fileRef = 0477E983198CBA6F0048D9E8 /* Images.xcassets */; };
		0477E98B198CBA6F0048D9E8 /* XCTest.framework in Frameworks */ = {isa = PBXBuildFile; fileRef = 0477E98A198CBA6F0048D9E8 /* XCTest.framework */; };
		0477E98C198CBA6F0048D9E8 /* Foundation.framework in Frameworks */ = {isa = PBXBuildFile; fileRef = 0477E96B198CBA6F0048D9E8 /* Foundation.framework */; };
		0477E98D198CBA6F0048D9E8 /* UIKit.framework in Frameworks */ = {isa = PBXBuildFile; fileRef = 0477E96F198CBA6F0048D9E8 /* UIKit.framework */; };
		0477E995198CBA6F0048D9E8 /* InfoPlist.strings in Resources */ = {isa = PBXBuildFile; fileRef = 0477E993198CBA6F0048D9E8 /* InfoPlist.strings */; };
		0477E997198CBA6F0048D9E8 /* BirdDemo_onCLassTests.m in Sources */ = {isa = PBXBuildFile; fileRef = 0477E996198CBA6F0048D9E8 /* BirdDemo_onCLassTests.m */; };
		0477E9A2198CC6F60048D9E8 /* BBDataParser.m in Sources */ = {isa = PBXBuildFile; fileRef = 0477E9A1198CC6F60048D9E8 /* BBDataParser.m */; };
		0477E9A5198CCB5A0048D9E8 /* BBCellDataObject.m in Sources */ = {isa = PBXBuildFile; fileRef = 0477E9A4198CCB5A0048D9E8 /* BBCellDataObject.m */; };
		0477E9A8198CE3ED0048D9E8 /* BBDataCell.m in Sources */ = {isa = PBXBuildFile; fileRef = 0477E9A7198CE3ED0048D9E8 /* BBDataCell.m */; };
/* End PBXBuildFile section */

/* Begin PBXContainerItemProxy section */
		0477E98E198CBA6F0048D9E8 /* PBXContainerItemProxy */ = {
			isa = PBXContainerItemProxy;
			containerPortal = 0477E960198CBA6F0048D9E8 /* Project object */;
			proxyType = 1;
			remoteGlobalIDString = 0477E967198CBA6F0048D9E8;
			remoteInfo = BirdDemo_onCLass;
		};
/* End PBXContainerItemProxy section */

/* Begin PBXFileReference section */
		0477E968198CBA6F0048D9E8 /* BirdDemo_onCLass.app */ = {isa = PBXFileReference; explicitFileType = wrapper.application; includeInIndex = 0; path = BirdDemo_onCLass.app; sourceTree = BUILT_PRODUCTS_DIR; };
		0477E96B198CBA6F0048D9E8 /* Foundation.framework */ = {isa = PBXFileReference; lastKnownFileType = wrapper.framework; name = Foundation.framework; path = System/Library/Frameworks/Foundation.framework; sourceTree = SDKROOT; };
		0477E96D198CBA6F0048D9E8 /* CoreGraphics.framework */ = {isa = PBXFileReference; lastKnownFileType = wrapper.framework; name = CoreGraphics.framework; path = System/Library/Frameworks/CoreGraphics.framework; sourceTree = SDKROOT; };
		0477E96F198CBA6F0048D9E8 /* UIKit.framework */ = {isa = PBXFileReference; lastKnownFileType = wrapper.framework; name = UIKit.framework; path = System/Library/Frameworks/UIKit.framework; sourceTree = SDKROOT; };
		0477E973198CBA6F0048D9E8 /* BirdDemo_onCLass-Info.plist */ = {isa = PBXFileReference; lastKnownFileType = text.plist.xml; path = "BirdDemo_onCLass-Info.plist"; sourceTree = "<group>"; };
		0477E975198CBA6F0048D9E8 /* en */ = {isa = PBXFileReference; lastKnownFileType = text.plist.strings; name = en; path = en.lproj/InfoPlist.strings; sourceTree = "<group>"; };
		0477E977198CBA6F0048D9E8 /* main.m */ = {isa = PBXFileReference; lastKnownFileType = sourcecode.c.objc; path = main.m; sourceTree = "<group>"; };
		0477E979198CBA6F0048D9E8 /* BirdDemo_onCLass-Prefix.pch */ = {isa = PBXFileReference; lastKnownFileType = sourcecode.c.h; path = "BirdDemo_onCLass-Prefix.pch"; sourceTree = "<group>"; };
		0477E97A198CBA6F0048D9E8 /* BBAppDelegate.h */ = {isa = PBXFileReference; lastKnownFileType = sourcecode.c.h; path = BBAppDelegate.h; sourceTree = "<group>"; };
		0477E97B198CBA6F0048D9E8 /* BBAppDelegate.m */ = {isa = PBXFileReference; lastKnownFileType = sourcecode.c.objc; path = BBAppDelegate.m; sourceTree = "<group>"; };
		0477E97E198CBA6F0048D9E8 /* Base */ = {isa = PBXFileReference; lastKnownFileType = file.storyboard; name = Base; path = Base.lproj/Main.storyboard; sourceTree = "<group>"; };
		0477E980198CBA6F0048D9E8 /* BBViewController.h */ = {isa = PBXFileReference; lastKnownFileType = sourcecode.c.h; path = BBViewController.h; sourceTree = "<group>"; };
		0477E981198CBA6F0048D9E8 /* BBViewController.m */ = {isa = PBXFileReference; lastKnownFileType = sourcecode.c.objc; path = BBViewController.m; sourceTree = "<group>"; };
		0477E983198CBA6F0048D9E8 /* Images.xcassets */ = {isa = PBXFileReference; lastKnownFileType = folder.assetcatalog; path = Images.xcassets; sourceTree = "<group>"; };
		0477E989198CBA6F0048D9E8 /* BirdDemo_onCLassTests.xctest */ = {isa = PBXFileReference; explicitFileType = wrapper.cfbundle; includeInIndex = 0; path = BirdDemo_onCLassTests.xctest; sourceTree = BUILT_PRODUCTS_DIR; };
		0477E98A198CBA6F0048D9E8 /* XCTest.framework */ = {isa = PBXFileReference; lastKnownFileType = wrapper.framework; name = XCTest.framework; path = Library/Frameworks/XCTest.framework; sourceTree = DEVELOPER_DIR; };
		0477E992198CBA6F0048D9E8 /* BirdDemo_onCLassTests-Info.plist */ = {isa = PBXFileReference; lastKnownFileType = text.plist.xml; path = "BirdDemo_onCLassTests-Info.plist"; sourceTree = "<group>"; };
		0477E994198CBA6F0048D9E8 /* en */ = {isa = PBXFileReference; lastKnownFileType = text.plist.strings; name = en; path = en.lproj/InfoPlist.strings; sourceTree = "<group>"; };
		0477E996198CBA6F0048D9E8 /* BirdDemo_onCLassTests.m */ = {isa = PBXFileReference; lastKnownFileType = sourcecode.c.objc; path = BirdDemo_onCLassTests.m; sourceTree = "<group>"; };
		0477E9A0198CC6F60048D9E8 /* BBDataParser.h */ = {isa = PBXFileReference; fileEncoding = 4; lastKnownFileType = sourcecode.c.h; path = BBDataParser.h; sourceTree = "<group>"; };
		0477E9A1198CC6F60048D9E8 /* BBDataParser.m */ = {isa = PBXFileReference; fileEncoding = 4; lastKnownFileType = sourcecode.c.objc; path = BBDataParser.m; sourceTree = "<group>"; };
		0477E9A3198CCB5A0048D9E8 /* BBCellDataObject.h */ = {isa = PBXFileReference; fileEncoding = 4; lastKnownFileType = sourcecode.c.h; path = BBCellDataObject.h; sourceTree = "<group>"; };
		0477E9A4198CCB5A0048D9E8 /* BBCellDataObject.m */ = {isa = PBXFileReference; fileEncoding = 4; lastKnownFileType = sourcecode.c.objc; path = BBCellDataObject.m; sourceTree = "<group>"; };
		0477E9A6198CE3ED0048D9E8 /* BBDataCell.h */ = {isa = PBXFileReference; fileEncoding = 4; lastKnownFileType = sourcecode.c.h; path = BBDataCell.h; sourceTree = "<group>"; };
		0477E9A7198CE3ED0048D9E8 /* BBDataCell.m */ = {isa = PBXFileReference; fileEncoding = 4; lastKnownFileType = sourcecode.c.objc; path = BBDataCell.m; sourceTree = "<group>"; };
/* End PBXFileReference section */

/* Begin PBXFrameworksBuildPhase section */
		0477E965198CBA6F0048D9E8 /* Frameworks */ = {
			isa = PBXFrameworksBuildPhase;
			buildActionMask = 2147483647;
			files = (
				0477E96E198CBA6F0048D9E8 /* CoreGraphics.framework in Frameworks */,
				0477E970198CBA6F0048D9E8 /* UIKit.framework in Frameworks */,
				0477E96C198CBA6F0048D9E8 /* Foundation.framework in Frameworks */,
			);
			runOnlyForDeploymentPostprocessing = 0;
		};
		0477E986198CBA6F0048D9E8 /* Frameworks */ = {
			isa = PBXFrameworksBuildPhase;
			buildActionMask = 2147483647;
			files = (
				0477E98B198CBA6F0048D9E8 /* XCTest.framework in Frameworks */,
				0477E98D198CBA6F0048D9E8 /* UIKit.framework in Frameworks */,
				0477E98C198CBA6F0048D9E8 /* Foundation.framework in Frameworks */,
			);
			runOnlyForDeploymentPostprocessing = 0;
		};
/* End PBXFrameworksBuildPhase section */

/* Begin PBXGroup section */
		0477E95F198CBA6F0048D9E8 = {
			isa = PBXGroup;
			children = (
				0477E9A6198CE3ED0048D9E8 /* BBDataCell.h */,
				0477E9A7198CE3ED0048D9E8 /* BBDataCell.m */,
				0477E9A3198CCB5A0048D9E8 /* BBCellDataObject.h */,
				0477E9A4198CCB5A0048D9E8 /* BBCellDataObject.m */,
				0477E9A0198CC6F60048D9E8 /* BBDataParser.h */,
				0477E9A1198CC6F60048D9E8 /* BBDataParser.m */,
				0477E971198CBA6F0048D9E8 /* BirdDemo_onCLass */,
				0477E990198CBA6F0048D9E8 /* BirdDemo_onCLassTests */,
				0477E96A198CBA6F0048D9E8 /* Frameworks */,
				0477E969198CBA6F0048D9E8 /* Products */,
			);
			sourceTree = "<group>";
		};
		0477E969198CBA6F0048D9E8 /* Products */ = {
			isa = PBXGroup;
			children = (
				0477E968198CBA6F0048D9E8 /* BirdDemo_onCLass.app */,
				0477E989198CBA6F0048D9E8 /* BirdDemo_onCLassTests.xctest */,
			);
			name = Products;
			sourceTree = "<group>";
		};
		0477E96A198CBA6F0048D9E8 /* Frameworks */ = {
			isa = PBXGroup;
			children = (
				0477E96B198CBA6F0048D9E8 /* Foundation.framework */,
				0477E96D198CBA6F0048D9E8 /* CoreGraphics.framework */,
				0477E96F198CBA6F0048D9E8 /* UIKit.framework */,
				0477E98A198CBA6F0048D9E8 /* XCTest.framework */,
			);
			name = Frameworks;
			sourceTree = "<group>";
		};
		0477E971198CBA6F0048D9E8 /* BirdDemo_onCLass */ = {
			isa = PBXGroup;
			children = (
				0477E97A198CBA6F0048D9E8 /* BBAppDelegate.h */,
				0477E97B198CBA6F0048D9E8 /* BBAppDelegate.m */,
				0477E97D198CBA6F0048D9E8 /* Main.storyboard */,
				0477E980198CBA6F0048D9E8 /* BBViewController.h */,
				0477E981198CBA6F0048D9E8 /* BBViewController.m */,
				0477E983198CBA6F0048D9E8 /* Images.xcassets */,
				0477E972198CBA6F0048D9E8 /* Supporting Files */,
			);
			path = BirdDemo_onCLass;
			sourceTree = "<group>";
		};
		0477E972198CBA6F0048D9E8 /* Supporting Files */ = {
			isa = PBXGroup;
			children = (
				0477E973198CBA6F0048D9E8 /* BirdDemo_onCLass-Info.plist */,
				0477E974198CBA6F0048D9E8 /* InfoPlist.strings */,
				0477E977198CBA6F0048D9E8 /* main.m */,
				0477E979198CBA6F0048D9E8 /* BirdDemo_onCLass-Prefix.pch */,
			);
			name = "Supporting Files";
			sourceTree = "<group>";
		};
		0477E990198CBA6F0048D9E8 /* BirdDemo_onCLassTests */ = {
			isa = PBXGroup;
			children = (
				0477E996198CBA6F0048D9E8 /* BirdDemo_onCLassTests.m */,
				0477E991198CBA6F0048D9E8 /* Supporting Files */,
			);
			path = BirdDemo_onCLassTests;
			sourceTree = "<group>";
		};
		0477E991198CBA6F0048D9E8 /* Supporting Files */ = {
			isa = PBXGroup;
			children = (
				0477E992198CBA6F0048D9E8 /* BirdDemo_onCLassTests-Info.plist */,
				0477E993198CBA6F0048D9E8 /* InfoPlist.strings */,
			);
			name = "Supporting Files";
			sourceTree = "<group>";
		};
/* End PBXGroup section */

/* Begin PBXNativeTarget section */
		0477E967198CBA6F0048D9E8 /* BirdDemo_onCLass */ = {
			isa = PBXNativeTarget;
			buildConfigurationList = 0477E99A198CBA6F0048D9E8 /* Build configuration list for PBXNativeTarget "BirdDemo_onCLass" */;
			buildPhases = (
				0477E964198CBA6F0048D9E8 /* Sources */,
				0477E965198CBA6F0048D9E8 /* Frameworks */,
				0477E966198CBA6F0048D9E8 /* Resources */,
			);
			buildRules = (
			);
			dependencies = (
			);
			name = BirdDemo_onCLass;
			productName = BirdDemo_onCLass;
			productReference = 0477E968198CBA6F0048D9E8 /* BirdDemo_onCLass.app */;
			productType = "com.apple.product-type.application";
		};
		0477E988198CBA6F0048D9E8 /* BirdDemo_onCLassTests */ = {
			isa = PBXNativeTarget;
			buildConfigurationList = 0477E99D198CBA6F0048D9E8 /* Build configuration list for PBXNativeTarget "BirdDemo_onCLassTests" */;
			buildPhases = (
				0477E985198CBA6F0048D9E8 /* Sources */,
				0477E986198CBA6F0048D9E8 /* Frameworks */,
				0477E987198CBA6F0048D9E8 /* Resources */,
			);
			buildRules = (
			);
			dependencies = (
				0477E98F198CBA6F0048D9E8 /* PBXTargetDependency */,
			);
			name = BirdDemo_onCLassTests;
			productName = BirdDemo_onCLassTests;
			productReference = 0477E989198CBA6F0048D9E8 /* BirdDemo_onCLassTests.xctest */;
			productType = "com.apple.product-type.bundle.unit-test";
		};
/* End PBXNativeTarget section */

/* Begin PBXProject section */
		0477E960198CBA6F0048D9E8 /* Project object */ = {
			isa = PBXProject;
			attributes = {
				CLASSPREFIX = BB;
				LastUpgradeCheck = 0510;
				ORGANIZATIONNAME = iOSTeam;
				TargetAttributes = {
					0477E988198CBA6F0048D9E8 = {
						TestTargetID = 0477E967198CBA6F0048D9E8;
					};
				};
			};
			buildConfigurationList = 0477E963198CBA6F0048D9E8 /* Build configuration list for PBXProject "BirdDemo_onCLass" */;
			compatibilityVersion = "Xcode 3.2";
			developmentRegion = English;
			hasScannedForEncodings = 0;
			knownRegions = (
				en,
				Base,
			);
			mainGroup = 0477E95F198CBA6F0048D9E8;
			productRefGroup = 0477E969198CBA6F0048D9E8 /* Products */;
			projectDirPath = "";
			projectRoot = "";
			targets = (
				0477E967198CBA6F0048D9E8 /* BirdDemo_onCLass */,
				0477E988198CBA6F0048D9E8 /* BirdDemo_onCLassTests */,
			);
		};
/* End PBXProject section */

/* Begin PBXResourcesBuildPhase section */
		0477E966198CBA6F0048D9E8 /* Resources */ = {
			isa = PBXResourcesBuildPhase;
			buildActionMask = 2147483647;
			files = (
				0477E984198CBA6F0048D9E8 /* Images.xcassets in Resources */,
				0477E976198CBA6F0048D9E8 /* InfoPlist.strings in Resources */,
				0477E97F198CBA6F0048D9E8 /* Main.storyboard in Resources */,
			);
			runOnlyForDeploymentPostprocessing = 0;
		};
		0477E987198CBA6F0048D9E8 /* Resources */ = {
			isa = PBXResourcesBuildPhase;
			buildActionMask = 2147483647;
			files = (
				0477E995198CBA6F0048D9E8 /* InfoPlist.strings in Resources */,
			);
			runOnlyForDeploymentPostprocessing = 0;
		};
/* End PBXResourcesBuildPhase section */

/* Begin PBXSourcesBuildPhase section */
		0477E964198CBA6F0048D9E8 /* Sources */ = {
			isa = PBXSourcesBuildPhase;
			buildActionMask = 2147483647;
			files = (
				0477E9A2198CC6F60048D9E8 /* BBDataParser.m in Sources */,
				0477E9A8198CE3ED0048D9E8 /* BBDataCell.m in Sources */,
				0477E982198CBA6F0048D9E8 /* BBViewController.m in Sources */,
				0477E9A5198CCB5A0048D9E8 /* BBCellDataObject.m in Sources */,
				0477E97C198CBA6F0048D9E8 /* BBAppDelegate.m in Sources */,
				0477E978198CBA6F0048D9E8 /* main.m in Sources */,
			);
			runOnlyForDeploymentPostprocessing = 0;
		};
		0477E985198CBA6F0048D9E8 /* Sources */ = {
			isa = PBXSourcesBuildPhase;
			buildActionMask = 2147483647;
			files = (
				0477E997198CBA6F0048D9E8 /* BirdDemo_onCLassTests.m in Sources */,
			);
			runOnlyForDeploymentPostprocessing = 0;
		};
/* End PBXSourcesBuildPhase section */

/* Begin PBXTargetDependency section */
		0477E98F198CBA6F0048D9E8 /* PBXTargetDependency */ = {
			isa = PBXTargetDependency;
			target = 0477E967198CBA6F0048D9E8 /* BirdDemo_onCLass */;
			targetProxy = 0477E98E198CBA6F0048D9E8 /* PBXContainerItemProxy */;
		};
/* End PBXTargetDependency section */

/* Begin PBXVariantGroup section */
		0477E974198CBA6F0048D9E8 /* InfoPlist.strings */ = {
			isa = PBXVariantGroup;
			children = (
				0477E975198CBA6F0048D9E8 /* en */,
			);
			name = InfoPlist.strings;
			sourceTree = "<group>";
		};
		0477E97D198CBA6F0048D9E8 /* Main.storyboard */ = {
			isa = PBXVariantGroup;
			children = (
				0477E97E198CBA6F0048D9E8 /* Base */,
			);
			name = Main.storyboard;
			sourceTree = "<group>";
		};
		0477E993198CBA6F0048D9E8 /* InfoPlist.strings */ = {
			isa = PBXVariantGroup;
			children = (
				0477E994198CBA6F0048D9E8 /* en */,
			);
			name = InfoPlist.strings;
			sourceTree = "<group>";
		};
/* End PBXVariantGroup section */

/* Begin XCBuildConfiguration section */
		0477E998198CBA6F0048D9E8 /* Debug */ = {
			isa = XCBuildConfiguration;
			buildSettings = {
				ALWAYS_SEARCH_USER_PATHS = NO;
				CLANG_CXX_LANGUAGE_STANDARD = "gnu++0x";
				CLANG_CXX_LIBRARY = "libc++";
				CLANG_ENABLE_MODULES = YES;
				CLANG_ENABLE_OBJC_ARC = YES;
				CLANG_WARN_BOOL_CONVERSION = YES;
				CLANG_WARN_CONSTANT_CONVERSION = YES;
				CLANG_WARN_DIRECT_OBJC_ISA_USAGE = YES_ERROR;
				CLANG_WARN_EMPTY_BODY = YES;
				CLANG_WARN_ENUM_CONVERSION = YES;
				CLANG_WARN_INT_CONVERSION = YES;
				CLANG_WARN_OBJC_ROOT_CLASS = YES_ERROR;
				CLANG_WARN__DUPLICATE_METHOD_MATCH = YES;
				"CODE_SIGN_IDENTITY[sdk=iphoneos*]" = "iPhone Developer";
				COPY_PHASE_STRIP = NO;
				GCC_C_LANGUAGE_STANDARD = gnu99;
				GCC_DYNAMIC_NO_PIC = NO;
				GCC_OPTIMIZATION_LEVEL = 0;
				GCC_PREPROCESSOR_DEFINITIONS = (
					"DEBUG=1",
					"$(inherited)",
				);
				GCC_SYMBOLS_PRIVATE_EXTERN = NO;
				GCC_WARN_64_TO_32_BIT_CONVERSION = YES;
				GCC_WARN_ABOUT_RETURN_TYPE = YES_ERROR;
				GCC_WARN_UNDECLARED_SELECTOR = YES;
				GCC_WARN_UNINITIALIZED_AUTOS = YES_AGGRESSIVE;
				GCC_WARN_UNUSED_FUNCTION = YES;
				GCC_WARN_UNUSED_VARIABLE = YES;
				IPHONEOS_DEPLOYMENT_TARGET = 7.1;
				ONLY_ACTIVE_ARCH = YES;
				SDKROOT = iphoneos;
			};
			name = Debug;
		};
		0477E999198CBA6F0048D9E8 /* Release */ = {
			isa = XCBuildConfiguration;
			buildSettings = {
				ALWAYS_SEARCH_USER_PATHS = NO;
				CLANG_CXX_LANGUAGE_STANDARD = "gnu++0x";
				CLANG_CXX_LIBRARY = "libc++";
				CLANG_ENABLE_MODULES = YES;
				CLANG_ENABLE_OBJC_ARC = YES;
				CLANG_WARN_BOOL_CONVERSION = YES;
				CLANG_WARN_CONSTANT_CONVERSION = YES;
				CLANG_WARN_DIRECT_OBJC_ISA_USAGE = YES_ERROR;
				CLANG_WARN_EMPTY_BODY = YES;
				CLANG_WARN_ENUM_CONVERSION = YES;
				CLANG_WARN_INT_CONVERSION = YES;
				CLANG_WARN_OBJC_ROOT_CLASS = YES_ERROR;
				CLANG_WARN__DUPLICATE_METHOD_MATCH = YES;
				"CODE_SIGN_IDENTITY[sdk=iphoneos*]" = "iPhone Developer";
				COPY_PHASE_STRIP = YES;
				ENABLE_NS_ASSERTIONS = NO;
				GCC_C_LANGUAGE_STANDARD = gnu99;
				GCC_WARN_64_TO_32_BIT_CONVERSION = YES;
				GCC_WARN_ABOUT_RETURN_TYPE = YES_ERROR;
				GCC_WARN_UNDECLARED_SELECTOR = YES;
				GCC_WARN_UNINITIALIZED_AUTOS = YES_AGGRESSIVE;
				GCC_WARN_UNUSED_FUNCTION = YES;
				GCC_WARN_UNUSED_VARIABLE = YES;
				IPHONEOS_DEPLOYMENT_TARGET = 7.1;
				SDKROOT = iphoneos;
				VALIDATE_PRODUCT = YES;
			};
			name = Release;
		};
		0477E99B198CBA6F0048D9E8 /* Debug */ = {
			isa = XCBuildConfiguration;
			buildSettings = {
				ASSETCATALOG_COMPILER_APPICON_NAME = AppIcon;
				ASSETCATALOG_COMPILER_LAUNCHIMAGE_NAME = LaunchImage;
				GCC_PRECOMPILE_PREFIX_HEADER = YES;
				GCC_PREFIX_HEADER = "BirdDemo_onCLass/BirdDemo_onCLass-Prefix.pch";
				INFOPLIST_FILE = "BirdDemo_onCLass/BirdDemo_onCLass-Info.plist";
				PRODUCT_NAME = "$(TARGET_NAME)";
				WRAPPER_EXTENSION = app;
			};
			name = Debug;
		};
		0477E99C198CBA6F0048D9E8 /* Release */ = {
			isa = XCBuildConfiguration;
			buildSettings = {
				ASSETCATALOG_COMPILER_APPICON_NAME = AppIcon;
				ASSETCATALOG_COMPILER_LAUNCHIMAGE_NAME = LaunchImage;
				GCC_PRECOMPILE_PREFIX_HEADER = YES;
				GCC_PREFIX_HEADER = "BirdDemo_onCLass/BirdDemo_onCLass-Prefix.pch";
				INFOPLIST_FILE = "BirdDemo_onCLass/BirdDemo_onCLass-Info.plist";
				PRODUCT_NAME = "$(TARGET_NAME)";
				WRAPPER_EXTENSION = app;
			};
			name = Release;
		};
		0477E99E198CBA6F0048D9E8 /* Debug */ = {
			isa = XCBuildConfiguration;
			buildSettings = {
				BUNDLE_LOADER = "$(BUILT_PRODUCTS_DIR)/BirdDemo_onCLass.app/BirdDemo_onCLass";
				FRAMEWORK_SEARCH_PATHS = (
					"$(SDKROOT)/Developer/Library/Frameworks",
					"$(inherited)",
					"$(DEVELOPER_FRAMEWORKS_DIR)",
				);
				GCC_PRECOMPILE_PREFIX_HEADER = YES;
				GCC_PREFIX_HEADER = "BirdDemo_onCLass/BirdDemo_onCLass-Prefix.pch";
				GCC_PREPROCESSOR_DEFINITIONS = (
					"DEBUG=1",
					"$(inherited)",
				);
				INFOPLIST_FILE = "BirdDemo_onCLassTests/BirdDemo_onCLassTests-Info.plist";
				PRODUCT_NAME = "$(TARGET_NAME)";
				TEST_HOST = "$(BUNDLE_LOADER)";
				WRAPPER_EXTENSION = xctest;
			};
			name = Debug;
		};
		0477E99F198CBA6F0048D9E8 /* Release */ = {
			isa = XCBuildConfiguration;
			buildSettings = {
				BUNDLE_LOADER = "$(BUILT_PRODUCTS_DIR)/BirdDemo_onCLass.app/BirdDemo_onCLass";
				FRAMEWORK_SEARCH_PATHS = (
					"$(SDKROOT)/Developer/Library/Frameworks",
					"$(inherited)",
					"$(DEVELOPER_FRAMEWORKS_DIR)",
				);
				GCC_PRECOMPILE_PREFIX_HEADER = YES;
				GCC_PREFIX_HEADER = "BirdDemo_onCLass/BirdDemo_onCLass-Prefix.pch";
				INFOPLIST_FILE = "BirdDemo_onCLassTests/BirdDemo_onCLassTests-Info.plist";
				PRODUCT_NAME = "$(TARGET_NAME)";
				TEST_HOST = "$(BUNDLE_LOADER)";
				WRAPPER_EXTENSION = xctest;
			};
			name = Release;
		};
/* End XCBuildConfiguration section */

/* Begin XCConfigurationList section */
		0477E963198CBA6F0048D9E8 /* Build configuration list for PBXProject "BirdDemo_onCLass" */ = {
			isa = XCConfigurationList;
			buildConfigurations = (
				0477E998198CBA6F0048D9E8 /* Debug */,
				0477E999198CBA6F0048D9E8 /* Release */,
			);
			defaultConfigurationIsVisible = 0;
			defaultConfigurationName = Release;
		};
		0477E99A198CBA6F0048D9E8 /* Build configuration list for PBXNativeTarget "BirdDemo_onCLass" */ = {
			isa = XCConfigurationList;
			buildConfigurations = (
				0477E99B198CBA6F0048D9E8 /* Debug */,
				0477E99C198CBA6F0048D9E8 /* Release */,
			);
			defaultConfigurationIsVisible = 0;
		};
		0477E99D198CBA6F0048D9E8 /* Build configuration list for PBXNativeTarget "BirdDemo_onCLassTests" */ = {
			isa = XCConfigurationList;
			buildConfigurations = (
				0477E99E198CBA6F0048D9E8 /* Debug */,
				0477E99F198CBA6F0048D9E8 /* Release */,
			);
			defaultConfigurationIsVisible = 0;
		};
/* End XCConfigurationList section */
	};
	rootObject = 0477E960198CBA6F0048D9E8 /* Project object */;
}
