// !$*UTF8*$!
{
	archiveVersion = 1;
	classes = {
	};
	objectVersion = 46;
	objects = {

/* Begin PBXBuildFile section */
		0477E92B198C06F00048D9E8 /* Foundation.framework in Frameworks */ = {isa = PBXBuildFile; fileRef = 0477E92A198C06F00048D9E8 /* Foundation.framework */; };
		0477E92D198C06F00048D9E8 /* CoreGraphics.framework in Frameworks */ = {isa = PBXBuildFile; fileRef = 0477E92C198C06F00048D9E8 /* CoreGraphics.framework */; };
		0477E92F198C06F00048D9E8 /* UIKit.framework in Frameworks */ = {isa = PBXBuildFile; fileRef = 0477E92E198C06F00048D9E8 /* UIKit.framework */; };
		0477E935198C06F00048D9E8 /* InfoPlist.strings in Resources */ = {isa = PBXBuildFile; fileRef = 0477E933198C06F00048D9E8 /* InfoPlist.strings */; };
		0477E937198C06F00048D9E8 /* main.m in Sources */ = {isa = PBXBuildFile; fileRef = 0477E936198C06F00048D9E8 /* main.m */; };
		0477E93B198C06F00048D9E8 /* BBAppDelegate.m in Sources */ = {isa = PBXBuildFile; fileRef = 0477E93A198C06F00048D9E8 /* BBAppDelegate.m */; };
		0477E93E198C06F00048D9E8 /* Main.storyboard in Resources */ = {isa = PBXBuildFile; fileRef = 0477E93C198C06F00048D9E8 /* Main.storyboard */; };
		0477E941198C06F00048D9E8 /* BBViewController.m in Sources */ = {isa = PBXBuildFile; fileRef = 0477E940198C06F00048D9E8 /* BBViewController.m */; };
		0477E943198C06F00048D9E8 /* Images.xcassets in Resources */ = {isa = PBXBuildFile; fileRef = 0477E942198C06F00048D9E8 /* Images.xcassets */; };
		0477E94A198C06F00048D9E8 /* XCTest.framework in Frameworks */ = {isa = PBXBuildFile; fileRef = 0477E949198C06F00048D9E8 /* XCTest.framework */; };
		0477E94B198C06F00048D9E8 /* Foundation.framework in Frameworks */ = {isa = PBXBuildFile; fileRef = 0477E92A198C06F00048D9E8 /* Foundation.framework */; };
		0477E94C198C06F00048D9E8 /* UIKit.framework in Frameworks */ = {isa = PBXBuildFile; fileRef = 0477E92E198C06F00048D9E8 /* UIKit.framework */; };
		0477E954198C06F00048D9E8 /* InfoPlist.strings in Resources */ = {isa = PBXBuildFile; fileRef = 0477E952198C06F00048D9E8 /* InfoPlist.strings */; };
		0477E956198C06F00048D9E8 /* NSURLConnectionDemoTests.m in Sources */ = {isa = PBXBuildFile; fileRef = 0477E955198C06F00048D9E8 /* NSURLConnectionDemoTests.m */; };
/* End PBXBuildFile section */

/* Begin PBXContainerItemProxy section */
		0477E94D198C06F00048D9E8 /* PBXContainerItemProxy */ = {
			isa = PBXContainerItemProxy;
			containerPortal = 0477E91F198C06F00048D9E8 /* Project object */;
			proxyType = 1;
			remoteGlobalIDString = 0477E926198C06F00048D9E8;
			remoteInfo = NSURLConnectionDemo;
		};
/* End PBXContainerItemProxy section */

/* Begin PBXFileReference section */
		0477E927198C06F00048D9E8 /* NSURLConnectionDemo.app */ = {isa = PBXFileReference; explicitFileType = wrapper.application; includeInIndex = 0; path = NSURLConnectionDemo.app; sourceTree = BUILT_PRODUCTS_DIR; };
		0477E92A198C06F00048D9E8 /* Foundation.framework */ = {isa = PBXFileReference; lastKnownFileType = wrapper.framework; name = Foundation.framework; path = System/Library/Frameworks/Foundation.framework; sourceTree = SDKROOT; };
		0477E92C198C06F00048D9E8 /* CoreGraphics.framework */ = {isa = PBXFileReference; lastKnownFileType = wrapper.framework; name = CoreGraphics.framework; path = System/Library/Frameworks/CoreGraphics.framework; sourceTree = SDKROOT; };
		0477E92E198C06F00048D9E8 /* UIKit.framework */ = {isa = PBXFileReference; lastKnownFileType = wrapper.framework; name = UIKit.framework; path = System/Library/Frameworks/UIKit.framework; sourceTree = SDKROOT; };
		0477E932198C06F00048D9E8 /* NSURLConnectionDemo-Info.plist */ = {isa = PBXFileReference; lastKnownFileType = text.plist.xml; path = "NSURLConnectionDemo-Info.plist"; sourceTree = "<group>"; };
		0477E934198C06F00048D9E8 /* en */ = {isa = PBXFileReference; lastKnownFileType = text.plist.strings; name = en; path = en.lproj/InfoPlist.strings; sourceTree = "<group>"; };
		0477E936198C06F00048D9E8 /* main.m */ = {isa = PBXFileReference; lastKnownFileType = sourcecode.c.objc; path = main.m; sourceTree = "<group>"; };
		0477E938198C06F00048D9E8 /* NSURLConnectionDemo-Prefix.pch */ = {isa = PBXFileReference; lastKnownFileType = sourcecode.c.h; path = "NSURLConnectionDemo-Prefix.pch"; sourceTree = "<group>"; };
		0477E939198C06F00048D9E8 /* BBAppDelegate.h */ = {isa = PBXFileReference; lastKnownFileType = sourcecode.c.h; path = BBAppDelegate.h; sourceTree = "<group>"; };
		0477E93A198C06F00048D9E8 /* BBAppDelegate.m */ = {isa = PBXFileReference; lastKnownFileType = sourcecode.c.objc; path = BBAppDelegate.m; sourceTree = "<group>"; };
		0477E93D198C06F00048D9E8 /* Base */ = {isa = PBXFileReference; lastKnownFileType = file.storyboard; name = Base; path = Base.lproj/Main.storyboard; sourceTree = "<group>"; };
		0477E93F198C06F00048D9E8 /* BBViewController.h */ = {isa = PBXFileReference; lastKnownFileType = sourcecode.c.h; path = BBViewController.h; sourceTree = "<group>"; };
		0477E940198C06F00048D9E8 /* BBViewController.m */ = {isa = PBXFileReference; lastKnownFileType = sourcecode.c.objc; path = BBViewController.m; sourceTree = "<group>"; };
		0477E942198C06F00048D9E8 /* Images.xcassets */ = {isa = PBXFileReference; lastKnownFileType = folder.assetcatalog; path = Images.xcassets; sourceTree = "<group>"; };
		0477E948198C06F00048D9E8 /* NSURLConnectionDemoTests.xctest */ = {isa = PBXFileReference; explicitFileType = wrapper.cfbundle; includeInIndex = 0; path = NSURLConnectionDemoTests.xctest; sourceTree = BUILT_PRODUCTS_DIR; };
		0477E949198C06F00048D9E8 /* XCTest.framework */ = {isa = PBXFileReference; lastKnownFileType = wrapper.framework; name = XCTest.framework; path = Library/Frameworks/XCTest.framework; sourceTree = DEVELOPER_DIR; };
		0477E951198C06F00048D9E8 /* NSURLConnectionDemoTests-Info.plist */ = {isa = PBXFileReference; lastKnownFileType = text.plist.xml; path = "NSURLConnectionDemoTests-Info.plist"; sourceTree = "<group>"; };
		0477E953198C06F00048D9E8 /* en */ = {isa = PBXFileReference; lastKnownFileType = text.plist.strings; name = en; path = en.lproj/InfoPlist.strings; sourceTree = "<group>"; };
		0477E955198C06F00048D9E8 /* NSURLConnectionDemoTests.m */ = {isa = PBXFileReference; lastKnownFileType = sourcecode.c.objc; path = NSURLConnectionDemoTests.m; sourceTree = "<group>"; };
/* End PBXFileReference section */

/* Begin PBXFrameworksBuildPhase section */
		0477E924198C06F00048D9E8 /* Frameworks */ = {
			isa = PBXFrameworksBuildPhase;
			buildActionMask = 2147483647;
			files = (
				0477E92D198C06F00048D9E8 /* CoreGraphics.framework in Frameworks */,
				0477E92F198C06F00048D9E8 /* UIKit.framework in Frameworks */,
				0477E92B198C06F00048D9E8 /* Foundation.framework in Frameworks */,
			);
			runOnlyForDeploymentPostprocessing = 0;
		};
		0477E945198C06F00048D9E8 /* Frameworks */ = {
			isa = PBXFrameworksBuildPhase;
			buildActionMask = 2147483647;
			files = (
				0477E94A198C06F00048D9E8 /* XCTest.framework in Frameworks */,
				0477E94C198C06F00048D9E8 /* UIKit.framework in Frameworks */,
				0477E94B198C06F00048D9E8 /* Foundation.framework in Frameworks */,
			);
			runOnlyForDeploymentPostprocessing = 0;
		};
/* End PBXFrameworksBuildPhase section */

/* Begin PBXGroup section */
		0477E91E198C06F00048D9E8 = {
			isa = PBXGroup;
			children = (
				0477E930198C06F00048D9E8 /* NSURLConnectionDemo */,
				0477E94F198C06F00048D9E8 /* NSURLConnectionDemoTests */,
				0477E929198C06F00048D9E8 /* Frameworks */,
				0477E928198C06F00048D9E8 /* Products */,
			);
			sourceTree = "<group>";
		};
		0477E928198C06F00048D9E8 /* Products */ = {
			isa = PBXGroup;
			children = (
				0477E927198C06F00048D9E8 /* NSURLConnectionDemo.app */,
				0477E948198C06F00048D9E8 /* NSURLConnectionDemoTests.xctest */,
			);
			name = Products;
			sourceTree = "<group>";
		};
		0477E929198C06F00048D9E8 /* Frameworks */ = {
			isa = PBXGroup;
			children = (
				0477E92A198C06F00048D9E8 /* Foundation.framework */,
				0477E92C198C06F00048D9E8 /* CoreGraphics.framework */,
				0477E92E198C06F00048D9E8 /* UIKit.framework */,
				0477E949198C06F00048D9E8 /* XCTest.framework */,
			);
			name = Frameworks;
			sourceTree = "<group>";
		};
		0477E930198C06F00048D9E8 /* NSURLConnectionDemo */ = {
			isa = PBXGroup;
			children = (
				0477E939198C06F00048D9E8 /* BBAppDelegate.h */,
				0477E93A198C06F00048D9E8 /* BBAppDelegate.m */,
				0477E93C198C06F00048D9E8 /* Main.storyboard */,
				0477E93F198C06F00048D9E8 /* BBViewController.h */,
				0477E940198C06F00048D9E8 /* BBViewController.m */,
				0477E942198C06F00048D9E8 /* Images.xcassets */,
				0477E931198C06F00048D9E8 /* Supporting Files */,
			);
			path = NSURLConnectionDemo;
			sourceTree = "<group>";
		};
		0477E931198C06F00048D9E8 /* Supporting Files */ = {
			isa = PBXGroup;
			children = (
				0477E932198C06F00048D9E8 /* NSURLConnectionDemo-Info.plist */,
				0477E933198C06F00048D9E8 /* InfoPlist.strings */,
				0477E936198C06F00048D9E8 /* main.m */,
				0477E938198C06F00048D9E8 /* NSURLConnectionDemo-Prefix.pch */,
			);
			name = "Supporting Files";
			sourceTree = "<group>";
		};
		0477E94F198C06F00048D9E8 /* NSURLConnectionDemoTests */ = {
			isa = PBXGroup;
			children = (
				0477E955198C06F00048D9E8 /* NSURLConnectionDemoTests.m */,
				0477E950198C06F00048D9E8 /* Supporting Files */,
			);
			path = NSURLConnectionDemoTests;
			sourceTree = "<group>";
		};
		0477E950198C06F00048D9E8 /* Supporting Files */ = {
			isa = PBXGroup;
			children = (
				0477E951198C06F00048D9E8 /* NSURLConnectionDemoTests-Info.plist */,
				0477E952198C06F00048D9E8 /* InfoPlist.strings */,
			);
			name = "Supporting Files";
			sourceTree = "<group>";
		};
/* End PBXGroup section */

/* Begin PBXNativeTarget section */
		0477E926198C06F00048D9E8 /* NSURLConnectionDemo */ = {
			isa = PBXNativeTarget;
			buildConfigurationList = 0477E959198C06F00048D9E8 /* Build configuration list for PBXNativeTarget "NSURLConnectionDemo" */;
			buildPhases = (
				0477E923198C06F00048D9E8 /* Sources */,
				0477E924198C06F00048D9E8 /* Frameworks */,
				0477E925198C06F00048D9E8 /* Resources */,
			);
			buildRules = (
			);
			dependencies = (
			);
			name = NSURLConnectionDemo;
			productName = NSURLConnectionDemo;
			productReference = 0477E927198C06F00048D9E8 /* NSURLConnectionDemo.app */;
			productType = "com.apple.product-type.application";
		};
		0477E947198C06F00048D9E8 /* NSURLConnectionDemoTests */ = {
			isa = PBXNativeTarget;
			buildConfigurationList = 0477E95C198C06F00048D9E8 /* Build configuration list for PBXNativeTarget "NSURLConnectionDemoTests" */;
			buildPhases = (
				0477E944198C06F00048D9E8 /* Sources */,
				0477E945198C06F00048D9E8 /* Frameworks */,
				0477E946198C06F00048D9E8 /* Resources */,
			);
			buildRules = (
			);
			dependencies = (
				0477E94E198C06F00048D9E8 /* PBXTargetDependency */,
			);
			name = NSURLConnectionDemoTests;
			productName = NSURLConnectionDemoTests;
			productReference = 0477E948198C06F00048D9E8 /* NSURLConnectionDemoTests.xctest */;
			productType = "com.apple.product-type.bundle.unit-test";
		};
/* End PBXNativeTarget section */

/* Begin PBXProject section */
		0477E91F198C06F00048D9E8 /* Project object */ = {
			isa = PBXProject;
			attributes = {
				CLASSPREFIX = BB;
				LastUpgradeCheck = 0510;
				ORGANIZATIONNAME = iOSTeam;
				TargetAttributes = {
					0477E947198C06F00048D9E8 = {
						TestTargetID = 0477E926198C06F00048D9E8;
					};
				};
			};
			buildConfigurationList = 0477E922198C06F00048D9E8 /* Build configuration list for PBXProject "NSURLConnectionDemo" */;
			compatibilityVersion = "Xcode 3.2";
			developmentRegion = English;
			hasScannedForEncodings = 0;
			knownRegions = (
				en,
				Base,
			);
			mainGroup = 0477E91E198C06F00048D9E8;
			productRefGroup = 0477E928198C06F00048D9E8 /* Products */;
			projectDirPath = "";
			projectRoot = "";
			targets = (
				0477E926198C06F00048D9E8 /* NSURLConnectionDemo */,
				0477E947198C06F00048D9E8 /* NSURLConnectionDemoTests */,
			);
		};
/* End PBXProject section */

/* Begin PBXResourcesBuildPhase section */
		0477E925198C06F00048D9E8 /* Resources */ = {
			isa = PBXResourcesBuildPhase;
			buildActionMask = 2147483647;
			files = (
				0477E943198C06F00048D9E8 /* Images.xcassets in Resources */,
				0477E935198C06F00048D9E8 /* InfoPlist.strings in Resources */,
				0477E93E198C06F00048D9E8 /* Main.storyboard in Resources */,
			);
			runOnlyForDeploymentPostprocessing = 0;
		};
		0477E946198C06F00048D9E8 /* Resources */ = {
			isa = PBXResourcesBuildPhase;
			buildActionMask = 2147483647;
			files = (
				0477E954198C06F00048D9E8 /* InfoPlist.strings in Resources */,
			);
			runOnlyForDeploymentPostprocessing = 0;
		};
/* End PBXResourcesBuildPhase section */

/* Begin PBXSourcesBuildPhase section */
		0477E923198C06F00048D9E8 /* Sources */ = {
			isa = PBXSourcesBuildPhase;
			buildActionMask = 2147483647;
			files = (
				0477E941198C06F00048D9E8 /* BBViewController.m in Sources */,
				0477E93B198C06F00048D9E8 /* BBAppDelegate.m in Sources */,
				0477E937198C06F00048D9E8 /* main.m in Sources */,
			);
			runOnlyForDeploymentPostprocessing = 0;
		};
		0477E944198C06F00048D9E8 /* Sources */ = {
			isa = PBXSourcesBuildPhase;
			buildActionMask = 2147483647;
			files = (
				0477E956198C06F00048D9E8 /* NSURLConnectionDemoTests.m in Sources */,
			);
			runOnlyForDeploymentPostprocessing = 0;
		};
/* End PBXSourcesBuildPhase section */

/* Begin PBXTargetDependency section */
		0477E94E198C06F00048D9E8 /* PBXTargetDependency */ = {
			isa = PBXTargetDependency;
			target = 0477E926198C06F00048D9E8 /* NSURLConnectionDemo */;
			targetProxy = 0477E94D198C06F00048D9E8 /* PBXContainerItemProxy */;
		};
/* End PBXTargetDependency section */

/* Begin PBXVariantGroup section */
		0477E933198C06F00048D9E8 /* InfoPlist.strings */ = {
			isa = PBXVariantGroup;
			children = (
				0477E934198C06F00048D9E8 /* en */,
			);
			name = InfoPlist.strings;
			sourceTree = "<group>";
		};
		0477E93C198C06F00048D9E8 /* Main.storyboard */ = {
			isa = PBXVariantGroup;
			children = (
				0477E93D198C06F00048D9E8 /* Base */,
			);
			name = Main.storyboard;
			sourceTree = "<group>";
		};
		0477E952198C06F00048D9E8 /* InfoPlist.strings */ = {
			isa = PBXVariantGroup;
			children = (
				0477E953198C06F00048D9E8 /* en */,
			);
			name = InfoPlist.strings;
			sourceTree = "<group>";
		};
/* End PBXVariantGroup section */

/* Begin XCBuildConfiguration section */
		0477E957198C06F00048D9E8 /* Debug */ = {
			isa = XCBuildConfiguration;
			buildSettings = {
				ALWAYS_SEARCH_USER_PATHS = NO;
				CLANG_CXX_LANGUAGE_STANDARD = "gnu++0x";
				CLANG_CXX_LIBRARY = "libc++";
				CLANG_ENABLE_MODULES = YES;
				CLANG_ENABLE_OBJC_ARC = YES;
				CLANG_WARN_BOOL_CONVERSION = YES;
				CLANG_WARN_CONSTANT_CONVERSION = YES;
				CLANG_WARN_DIRECT_OBJC_ISA_USAGE = YES_ERROR;
				CLANG_WARN_EMPTY_BODY = YES;
				CLANG_WARN_ENUM_CONVERSION = YES;
				CLANG_WARN_INT_CONVERSION = YES;
				CLANG_WARN_OBJC_ROOT_CLASS = YES_ERROR;
				CLANG_WARN__DUPLICATE_METHOD_MATCH = YES;
				"CODE_SIGN_IDENTITY[sdk=iphoneos*]" = "iPhone Developer";
				COPY_PHASE_STRIP = NO;
				GCC_C_LANGUAGE_STANDARD = gnu99;
				GCC_DYNAMIC_NO_PIC = NO;
				GCC_OPTIMIZATION_LEVEL = 0;
				GCC_PREPROCESSOR_DEFINITIONS = (
					"DEBUG=1",
					"$(inherited)",
				);
				GCC_SYMBOLS_PRIVATE_EXTERN = NO;
				GCC_WARN_64_TO_32_BIT_CONVERSION = YES;
				GCC_WARN_ABOUT_RETURN_TYPE = YES_ERROR;
				GCC_WARN_UNDECLARED_SELECTOR = YES;
				GCC_WARN_UNINITIALIZED_AUTOS = YES_AGGRESSIVE;
				GCC_WARN_UNUSED_FUNCTION = YES;
				GCC_WARN_UNUSED_VARIABLE = YES;
				IPHONEOS_DEPLOYMENT_TARGET = 7.1;
				ONLY_ACTIVE_ARCH = YES;
				SDKROOT = iphoneos;
			};
			name = Debug;
		};
		0477E958198C06F00048D9E8 /* Release */ = {
			isa = XCBuildConfiguration;
			buildSettings = {
				ALWAYS_SEARCH_USER_PATHS = NO;
				CLANG_CXX_LANGUAGE_STANDARD = "gnu++0x";
				CLANG_CXX_LIBRARY = "libc++";
				CLANG_ENABLE_MODULES = YES;
				CLANG_ENABLE_OBJC_ARC = YES;
				CLANG_WARN_BOOL_CONVERSION = YES;
				CLANG_WARN_CONSTANT_CONVERSION = YES;
				CLANG_WARN_DIRECT_OBJC_ISA_USAGE = YES_ERROR;
				CLANG_WARN_EMPTY_BODY = YES;
				CLANG_WARN_ENUM_CONVERSION = YES;
				CLANG_WARN_INT_CONVERSION = YES;
				CLANG_WARN_OBJC_ROOT_CLASS = YES_ERROR;
				CLANG_WARN__DUPLICATE_METHOD_MATCH = YES;
				"CODE_SIGN_IDENTITY[sdk=iphoneos*]" = "iPhone Developer";
				COPY_PHASE_STRIP = YES;
				ENABLE_NS_ASSERTIONS = NO;
				GCC_C_LANGUAGE_STANDARD = gnu99;
				GCC_WARN_64_TO_32_BIT_CONVERSION = YES;
				GCC_WARN_ABOUT_RETURN_TYPE = YES_ERROR;
				GCC_WARN_UNDECLARED_SELECTOR = YES;
				GCC_WARN_UNINITIALIZED_AUTOS = YES_AGGRESSIVE;
				GCC_WARN_UNUSED_FUNCTION = YES;
				GCC_WARN_UNUSED_VARIABLE = YES;
				IPHONEOS_DEPLOYMENT_TARGET = 7.1;
				SDKROOT = iphoneos;
				VALIDATE_PRODUCT = YES;
			};
			name = Release;
		};
		0477E95A198C06F00048D9E8 /* Debug */ = {
			isa = XCBuildConfiguration;
			buildSettings = {
				ASSETCATALOG_COMPILER_APPICON_NAME = AppIcon;
				ASSETCATALOG_COMPILER_LAUNCHIMAGE_NAME = LaunchImage;
				GCC_PRECOMPILE_PREFIX_HEADER = YES;
				GCC_PREFIX_HEADER = "NSURLConnectionDemo/NSURLConnectionDemo-Prefix.pch";
				INFOPLIST_FILE = "NSURLConnectionDemo/NSURLConnectionDemo-Info.plist";
				PRODUCT_NAME = "$(TARGET_NAME)";
				WRAPPER_EXTENSION = app;
			};
			name = Debug;
		};
		0477E95B198C06F00048D9E8 /* Release */ = {
			isa = XCBuildConfiguration;
			buildSettings = {
				ASSETCATALOG_COMPILER_APPICON_NAME = AppIcon;
				ASSETCATALOG_COMPILER_LAUNCHIMAGE_NAME = LaunchImage;
				GCC_PRECOMPILE_PREFIX_HEADER = YES;
				GCC_PREFIX_HEADER = "NSURLConnectionDemo/NSURLConnectionDemo-Prefix.pch";
				INFOPLIST_FILE = "NSURLConnectionDemo/NSURLConnectionDemo-Info.plist";
				PRODUCT_NAME = "$(TARGET_NAME)";
				WRAPPER_EXTENSION = app;
			};
			name = Release;
		};
		0477E95D198C06F00048D9E8 /* Debug */ = {
			isa = XCBuildConfiguration;
			buildSettings = {
				BUNDLE_LOADER = "$(BUILT_PRODUCTS_DIR)/NSURLConnectionDemo.app/NSURLConnectionDemo";
				FRAMEWORK_SEARCH_PATHS = (
					"$(SDKROOT)/Developer/Library/Frameworks",
					"$(inherited)",
					"$(DEVELOPER_FRAMEWORKS_DIR)",
				);
				GCC_PRECOMPILE_PREFIX_HEADER = YES;
				GCC_PREFIX_HEADER = "NSURLConnectionDemo/NSURLConnectionDemo-Prefix.pch";
				GCC_PREPROCESSOR_DEFINITIONS = (
					"DEBUG=1",
					"$(inherited)",
				);
				INFOPLIST_FILE = "NSURLConnectionDemoTests/NSURLConnectionDemoTests-Info.plist";
				PRODUCT_NAME = "$(TARGET_NAME)";
				TEST_HOST = "$(BUNDLE_LOADER)";
				WRAPPER_EXTENSION = xctest;
			};
			name = Debug;
		};
		0477E95E198C06F00048D9E8 /* Release */ = {
			isa = XCBuildConfiguration;
			buildSettings = {
				BUNDLE_LOADER = "$(BUILT_PRODUCTS_DIR)/NSURLConnectionDemo.app/NSURLConnectionDemo";
				FRAMEWORK_SEARCH_PATHS = (
					"$(SDKROOT)/Developer/Library/Frameworks",
					"$(inherited)",
					"$(DEVELOPER_FRAMEWORKS_DIR)",
				);
				GCC_PRECOMPILE_PREFIX_HEADER = YES;
				GCC_PREFIX_HEADER = "NSURLConnectionDemo/NSURLConnectionDemo-Prefix.pch";
				INFOPLIST_FILE = "NSURLConnectionDemoTests/NSURLConnectionDemoTests-Info.plist";
				PRODUCT_NAME = "$(TARGET_NAME)";
				TEST_HOST = "$(BUNDLE_LOADER)";
				WRAPPER_EXTENSION = xctest;
			};
			name = Release;
		};
/* End XCBuildConfiguration section */

/* Begin XCConfigurationList section */
		0477E922198C06F00048D9E8 /* Build configuration list for PBXProject "NSURLConnectionDemo" */ = {
			isa = XCConfigurationList;
			buildConfigurations = (
				0477E957198C06F00048D9E8 /* Debug */,
				0477E958198C06F00048D9E8 /* Release */,
			);
			defaultConfigurationIsVisible = 0;
			defaultConfigurationName = Release;
		};
		0477E959198C06F00048D9E8 /* Build configuration list for PBXNativeTarget "NSURLConnectionDemo" */ = {
			isa = XCConfigurationList;
			buildConfigurations = (
				0477E95A198C06F00048D9E8 /* Debug */,
				0477E95B198C06F00048D9E8 /* Release */,
			);
			defaultConfigurationIsVisible = 0;
		};
		0477E95C198C06F00048D9E8 /* Build configuration list for PBXNativeTarget "NSURLConnectionDemoTests" */ = {
			isa = XCConfigurationList;
			buildConfigurations = (
				0477E95D198C06F00048D9E8 /* Debug */,
				0477E95E198C06F00048D9E8 /* Release */,
			);
			defaultConfigurationIsVisible = 0;
		};
/* End XCConfigurationList section */
	};
	rootObject = 0477E91F198C06F00048D9E8 /* Project object */;
}
